
Microsoft Visual Studio Solution File, Format Version 12.00
# Visual Studio Version 17
VisualStudioVersion = 17.7.34031.279
MinimumVisualStudioVersion = 10.0.40219.1
Project("{8BC9CEB8-8B4A-11D0-8D11-00A0C91BC942}") = "Pr8.2", "Pr8.2\Pr8.2.vcxproj", "{F5BD4A9A-26C4-49E2-A5BC-336D327D10BC}"
EndProject
Project("{8BC9CEB8-8B4A-11D0-8D11-00A0C91BC942}") = "UnitTest1", "UnitTest1\UnitTest1.vcxproj", "{F8FFEAFB-39D0-47D1-95B7-146D79DCB404}"
EndProject
Global
	GlobalSection(SolutionConfigurationPlatforms) = preSolution
		Debug|x64 = Debug|x64
		Debug|x86 = Debug|x86
		Release|x64 = Release|x64
		Release|x86 = Release|x86
	EndGlobalSection
	GlobalSection(ProjectConfigurationPlatforms) = postSolution
		{F5BD4A9A-26C4-49E2-A5BC-336D327D10BC}.Debug|x64.ActiveCfg = Debug|x64
		{F5BD4A9A-26C4-49E2-A5BC-336D327D10BC}.Debug|x64.Build.0 = Debug|x64
		{F5BD4A9A-26C4-49E2-A5BC-336D327D10BC}.Debug|x86.ActiveCfg = Debug|Win32
		{F5BD4A9A-26C4-49E2-A5BC-336D327D10BC}.Debug|x86.Build.0 = Debug|Win32
		{F5BD4A9A-26C4-49E2-A5BC-336D327D10BC}.Release|x64.ActiveCfg = Release|x64
		{F5BD4A9A-26C4-49E2-A5BC-336D327D10BC}.Release|x64.Build.0 = Release|x64
		{F5BD4A9A-26C4-49E2-A5BC-336D327D10BC}.Release|x86.ActiveCfg = Release|Win32
		{F5BD4A9A-26C4-49E2-A5BC-336D327D10BC}.Release|x86.Build.0 = Release|Win32
		{F8FFEAFB-39D0-47D1-95B7-146D79DCB404}.Debug|x64.ActiveCfg = Debug|x64
		{F8FFEAFB-39D0-47D1-95B7-146D79DCB404}.Debug|x64.Build.0 = Debug|x64
		{F8FFEAFB-39D0-47D1-95B7-146D79DCB404}.Debug|x86.ActiveCfg = Debug|Win32
		{F8FFEAFB-39D0-47D1-95B7-146D79DCB404}.Debug|x86.Build.0 = Debug|Win32
		{F8FFEAFB-39D0-47D1-95B7-146D79DCB404}.Release|x64.ActiveCfg = Release|x64
		{F8FFEAFB-39D0-47D1-95B7-146D79DCB404}.Release|x64.Build.0 = Release|x64
		{F8FFEAFB-39D0-47D1-95B7-146D79DCB404}.Release|x86.ActiveCfg = Release|Win32
		{F8FFEAFB-39D0-47D1-95B7-146D79DCB404}.Release|x86.Build.0 = Release|Win32
	EndGlobalSection
	GlobalSection(SolutionProperties) = preSolution
		HideSolutionNode = FALSE
	EndGlobalSection
	GlobalSection(ExtensibilityGlobals) = postSolution
		SolutionGuid = {3D2E6525-57C7-406B-A3D9-E6CA531C704F}
	EndGlobalSection
EndGlobal
